
Microsoft Visual Studio Solution File, Format Version 12.00
# Visual Studio Version 17
VisualStudioVersion = 17.6.33815.320
MinimumVisualStudioVersion = 10.0.40219.1
Project("{9A19103F-16F7-4668-BE54-9A1E7A4F7556}") = "BlazorDB.Server", "BlazorDB\Server\BlazorDB.Server.csproj", "{FC590126-EFB3-42F9-B66E-B5D0CE0739F1}"
EndProject
Project("{9A19103F-16F7-4668-BE54-9A1E7A4F7556}") = "BlazorDB.Client", "BlazorDB\Client\BlazorDB.Client.csproj", "{EB2A582C-9A79-4A71-A09B-8A3864AA9BB3}"
EndProject
Project("{9A19103F-16F7-4668-BE54-9A1E7A4F7556}") = "BlazorDB.Shared", "BlazorDB\Shared\BlazorDB.Shared.csproj", "{70FD2FEA-B5EA-4DB3-82D0-F4AC19A247F0}"
EndProject
Global
	GlobalSection(SolutionConfigurationPlatforms) = preSolution
		Debug|Any CPU = Debug|Any CPU
		Release|Any CPU = Release|Any CPU
	EndGlobalSection
	GlobalSection(ProjectConfigurationPlatforms) = postSolution
		{FC590126-EFB3-42F9-B66E-B5D0CE0739F1}.Debug|Any CPU.ActiveCfg = Debug|Any CPU
		{FC590126-EFB3-42F9-B66E-B5D0CE0739F1}.Debug|Any CPU.Build.0 = Debug|Any CPU
		{FC590126-EFB3-42F9-B66E-B5D0CE0739F1}.Release|Any CPU.ActiveCfg = Release|Any CPU
		{FC590126-EFB3-42F9-B66E-B5D0CE0739F1}.Release|Any CPU.Build.0 = Release|Any CPU
		{EB2A582C-9A79-4A71-A09B-8A3864AA9BB3}.Debug|Any CPU.ActiveCfg = Debug|Any CPU
		{EB2A582C-9A79-4A71-A09B-8A3864AA9BB3}.Debug|Any CPU.Build.0 = Debug|Any CPU
		{EB2A582C-9A79-4A71-A09B-8A3864AA9BB3}.Release|Any CPU.ActiveCfg = Release|Any CPU
		{EB2A582C-9A79-4A71-A09B-8A3864AA9BB3}.Release|Any CPU.Build.0 = Release|Any CPU
		{70FD2FEA-B5EA-4DB3-82D0-F4AC19A247F0}.Debug|Any CPU.ActiveCfg = Debug|Any CPU
		{70FD2FEA-B5EA-4DB3-82D0-F4AC19A247F0}.Debug|Any CPU.Build.0 = Debug|Any CPU
		{70FD2FEA-B5EA-4DB3-82D0-F4AC19A247F0}.Release|Any CPU.ActiveCfg = Release|Any CPU
		{70FD2FEA-B5EA-4DB3-82D0-F4AC19A247F0}.Release|Any CPU.Build.0 = Release|Any CPU
	EndGlobalSection
	GlobalSection(SolutionProperties) = preSolution
		HideSolutionNode = FALSE
	EndGlobalSection
	GlobalSection(ExtensibilityGlobals) = postSolution
		SolutionGuid = {61939928-001E-4989-B148-CF860680B9BD}
	EndGlobalSection
EndGlobal
